# DO NOT EDIT MANUALLY - Managed by Fern Replay
version: "1.0"
generations:
  - commit_sha: 32f48fab70644b9eaa365c40d464777b5c8c66aa
    tree_hash: 262ff531b9e1e31d00975d05585dcda81c0fda46
    timestamp: 2026-07-31T18:07:11.701Z
    cli_version: unknown
    generator_versions: {}
current_generation: 32f48fab70644b9eaa365c40d464777b5c8c66aa
patches: []
