# DO NOT EDIT MANUALLY - Managed by Fern Replay
version: "1.0"
generations:
  - commit_sha: a3509194dbf27fc838f7c326fe48512eadb6479e
    tree_hash: ddd90c271fd25f9dfea7993b037ad42b2a96c6da
    timestamp: 2026-07-31T02:15:08.661Z
    cli_version: unknown
    generator_versions: {}
current_generation: a3509194dbf27fc838f7c326fe48512eadb6479e
patches: []
